
Microsoft Visual Studio Solution File, Format Version 12.00
# Visual Studio 15
VisualStudioVersion = 15.0.27428.2037
MinimumVisualStudioVersion = 10.0.40219.1
Project("{FAE04EC0-301F-11D3-BF4B-00C04F79EFBC}") = "CDN.OriginServer.Api", "CDN.ObjectStorage\CDN.OriginServer.Api.csproj", "{3EBF5822-8B26-4427-9E53-2AE6BEEE6EE9}"
EndProject
Project("{FAE04EC0-301F-11D3-BF4B-00C04F79EFBC}") = "Client", "Client\Client.csproj", "{7D54EAF6-D22F-48AF-8CCC-4EEAEDCFB6BE}"
EndProject
Project("{FAE04EC0-301F-11D3-BF4B-00C04F79EFBC}") = "CDN.CacheServer.Api", "CDN.CacheServer.Api\CDN.CacheServer.Api.csproj", "{1DE9571B-83ED-409E-B81B-D31D5BE63339}"
EndProject
Project("{FAE04EC0-301F-11D3-BF4B-00C04F79EFBC}") = "CDN.RouteServer.Api", "CDN.RouteServer.Api\CDN.RouteServer.Api.csproj", "{A957B01B-9A17-4010-9331-1CFF79467568}"
EndProject
Project("{FAE04EC0-301F-11D3-BF4B-00C04F79EFBC}") = "CDN.Domain", "CDN.Domain\CDN.Domain.csproj", "{3AB859DC-57A1-4CB0-B09E-4236EA4EC919}"
EndProject
Global
	GlobalSection(SolutionConfigurationPlatforms) = preSolution
		Debug|Any CPU = Debug|Any CPU
		Release|Any CPU = Release|Any CPU
	EndGlobalSection
	GlobalSection(ProjectConfigurationPlatforms) = postSolution
		{3EBF5822-8B26-4427-9E53-2AE6BEEE6EE9}.Debug|Any CPU.ActiveCfg = Debug|Any CPU
		{3EBF5822-8B26-4427-9E53-2AE6BEEE6EE9}.Debug|Any CPU.Build.0 = Debug|Any CPU
		{3EBF5822-8B26-4427-9E53-2AE6BEEE6EE9}.Release|Any CPU.ActiveCfg = Release|Any CPU
		{3EBF5822-8B26-4427-9E53-2AE6BEEE6EE9}.Release|Any CPU.Build.0 = Release|Any CPU
		{7D54EAF6-D22F-48AF-8CCC-4EEAEDCFB6BE}.Debug|Any CPU.ActiveCfg = Debug|Any CPU
		{7D54EAF6-D22F-48AF-8CCC-4EEAEDCFB6BE}.Debug|Any CPU.Build.0 = Debug|Any CPU
		{7D54EAF6-D22F-48AF-8CCC-4EEAEDCFB6BE}.Release|Any CPU.ActiveCfg = Release|Any CPU
		{7D54EAF6-D22F-48AF-8CCC-4EEAEDCFB6BE}.Release|Any CPU.Build.0 = Release|Any CPU
		{1DE9571B-83ED-409E-B81B-D31D5BE63339}.Debug|Any CPU.ActiveCfg = Debug|Any CPU
		{1DE9571B-83ED-409E-B81B-D31D5BE63339}.Debug|Any CPU.Build.0 = Debug|Any CPU
		{1DE9571B-83ED-409E-B81B-D31D5BE63339}.Release|Any CPU.ActiveCfg = Release|Any CPU
		{1DE9571B-83ED-409E-B81B-D31D5BE63339}.Release|Any CPU.Build.0 = Release|Any CPU
		{A957B01B-9A17-4010-9331-1CFF79467568}.Debug|Any CPU.ActiveCfg = Debug|Any CPU
		{A957B01B-9A17-4010-9331-1CFF79467568}.Debug|Any CPU.Build.0 = Debug|Any CPU
		{A957B01B-9A17-4010-9331-1CFF79467568}.Release|Any CPU.ActiveCfg = Release|Any CPU
		{A957B01B-9A17-4010-9331-1CFF79467568}.Release|Any CPU.Build.0 = Release|Any CPU
		{3AB859DC-57A1-4CB0-B09E-4236EA4EC919}.Debug|Any CPU.ActiveCfg = Debug|Any CPU
		{3AB859DC-57A1-4CB0-B09E-4236EA4EC919}.Debug|Any CPU.Build.0 = Debug|Any CPU
		{3AB859DC-57A1-4CB0-B09E-4236EA4EC919}.Release|Any CPU.ActiveCfg = Release|Any CPU
		{3AB859DC-57A1-4CB0-B09E-4236EA4EC919}.Release|Any CPU.Build.0 = Release|Any CPU
	EndGlobalSection
	GlobalSection(SolutionProperties) = preSolution
		HideSolutionNode = FALSE
	EndGlobalSection
	GlobalSection(ExtensibilityGlobals) = postSolution
		SolutionGuid = {38032077-A6EA-45F4-A22A-AFAD549DC361}
	EndGlobalSection
EndGlobal
